
Microsoft Visual Studio Solution File, Format Version 12.00
# Visual Studio Version 17
VisualStudioVersion = 17.9.34728.123
MinimumVisualStudioVersion = 10.0.40219.1
Project("{9A19103F-16F7-4668-BE54-9A1E7A4F7556}") = "WebResultsConsole", "WebResultsConsole.csproj", "{5CF2290C-E1A2-4D48-9F4B-6CD5CA61827E}"
EndProject
Global
	GlobalSection(SolutionConfigurationPlatforms) = preSolution
		Debug|Any CPU = Debug|Any CPU
		Release|Any CPU = Release|Any CPU
	EndGlobalSection
	GlobalSection(ProjectConfigurationPlatforms) = postSolution
		{5CF2290C-E1A2-4D48-9F4B-6CD5CA61827E}.Debug|Any CPU.ActiveCfg = Debug|Any CPU
		{5CF2290C-E1A2-4D48-9F4B-6CD5CA61827E}.Debug|Any CPU.Build.0 = Debug|Any CPU
		{5CF2290C-E1A2-4D48-9F4B-6CD5CA61827E}.Release|Any CPU.ActiveCfg = Release|Any CPU
		{5CF2290C-E1A2-4D48-9F4B-6CD5CA61827E}.Release|Any CPU.Build.0 = Release|Any CPU
	EndGlobalSection
	GlobalSection(SolutionProperties) = preSolution
		HideSolutionNode = FALSE
	EndGlobalSection
	GlobalSection(ExtensibilityGlobals) = postSolution
		SolutionGuid = {6DFF5BA2-2329-4143-9DDE-F6C9DC05DC7B}
	EndGlobalSection
EndGlobal
